
Microsoft Visual Studio Solution File, Format Version 12.00
# Visual Studio Version 17
VisualStudioVersion = 17.5.002.0
MinimumVisualStudioVersion = 10.0.40219.1
Project("{9A19103F-16F7-4668-BE54-9A1E7A4F7556}") = "Ex002", "Ex002.csproj", "{DC1473C3-C463-499A-A97B-B2175B208070}"
EndProject
Global
	GlobalSection(SolutionConfigurationPlatforms) = preSolution
		Debug|Any CPU = Debug|Any CPU
		Release|Any CPU = Release|Any CPU
	EndGlobalSection
	GlobalSection(ProjectConfigurationPlatforms) = postSolution
		{DC1473C3-C463-499A-A97B-B2175B208070}.Debug|Any CPU.ActiveCfg = Debug|Any CPU
		{DC1473C3-C463-499A-A97B-B2175B208070}.Debug|Any CPU.Build.0 = Debug|Any CPU
		{DC1473C3-C463-499A-A97B-B2175B208070}.Release|Any CPU.ActiveCfg = Release|Any CPU
		{DC1473C3-C463-499A-A97B-B2175B208070}.Release|Any CPU.Build.0 = Release|Any CPU
	EndGlobalSection
	GlobalSection(SolutionProperties) = preSolution
		HideSolutionNode = FALSE
	EndGlobalSection
	GlobalSection(ExtensibilityGlobals) = postSolution
		SolutionGuid = {112C0878-E26D-4F49-87B1-22DD9A337F53}
	EndGlobalSection
EndGlobal
